// !$*UTF8*$!
{
	archiveVersion = 1;
	classes = {
	};
	objectVersion = 50;
	objects = {

/* Begin PBXBuildFile section */
		AC86261B2335A008006EF32C /* AppDelegate.swift in Sources */ = {isa = PBXBuildFile; fileRef = AC86261A2335A008006EF32C /* AppDelegate.swift */; };
		AC8626222335A00B006EF32C /* Assets.xcassets in Resources */ = {isa = PBXBuildFile; fileRef = AC8626212335A00B006EF32C /* Assets.xcassets */; };
		AC8626252335A00B006EF32C /* LaunchScreen.storyboard in Resources */ = {isa = PBXBuildFile; fileRef = AC8626232335A00B006EF32C /* LaunchScreen.storyboard */; };
		AC8626302335A00C006EF32C /* SkyMobileTests.swift in Sources */ = {isa = PBXBuildFile; fileRef = AC86262F2335A00C006EF32C /* SkyMobileTests.swift */; };
		AC86263D2335A0DC006EF32C /* Home.storyboard in Resources */ = {isa = PBXBuildFile; fileRef = AC86263C2335A0DC006EF32C /* Home.storyboard */; };
		AC86263F2335A0E6006EF32C /* HomeViewController.swift in Sources */ = {isa = PBXBuildFile; fileRef = AC86263E2335A0E6006EF32C /* HomeViewController.swift */; };
		AC8626412335A157006EF32C /* HomePresenter.swift in Sources */ = {isa = PBXBuildFile; fileRef = AC8626402335A157006EF32C /* HomePresenter.swift */; };
		AC8626432335A161006EF32C /* HomeInteractor.swift in Sources */ = {isa = PBXBuildFile; fileRef = AC8626422335A161006EF32C /* HomeInteractor.swift */; };
		AC8626452335A16A006EF32C /* HomeWorker.swift in Sources */ = {isa = PBXBuildFile; fileRef = AC8626442335A16A006EF32C /* HomeWorker.swift */; };
		AC8626472335A17C006EF32C /* HomeRouter.swift in Sources */ = {isa = PBXBuildFile; fileRef = AC8626462335A17C006EF32C /* HomeRouter.swift */; };
		AC86264A2335A1C3006EF32C /* MovieModel.swift in Sources */ = {isa = PBXBuildFile; fileRef = AC8626492335A1C3006EF32C /* MovieModel.swift */; };
		AC86264F2335A3A2006EF32C /* DatasourceMoviesCollectionView.swift in Sources */ = {isa = PBXBuildFile; fileRef = AC86264E2335A3A2006EF32C /* DatasourceMoviesCollectionView.swift */; };
		AC8626512335A3B1006EF32C /* DelegateMoviesCollectionView.swift in Sources */ = {isa = PBXBuildFile; fileRef = AC8626502335A3B1006EF32C /* DelegateMoviesCollectionView.swift */; };
		AC8626532335B56C006EF32C /* MovieViewModel.swift in Sources */ = {isa = PBXBuildFile; fileRef = AC8626522335B56C006EF32C /* MovieViewModel.swift */; };
		AC8626572335B935006EF32C /* MovieCollectionViewCell.swift in Sources */ = {isa = PBXBuildFile; fileRef = AC8626552335B935006EF32C /* MovieCollectionViewCell.swift */; };
		AC8626582335B935006EF32C /* MovieCollectionViewCell.xib in Resources */ = {isa = PBXBuildFile; fileRef = AC8626562335B935006EF32C /* MovieCollectionViewCell.xib */; };
		AC86265B2335B947006EF32C /* Constants.swift in Sources */ = {isa = PBXBuildFile; fileRef = AC86265A2335B947006EF32C /* Constants.swift */; };
/* End PBXBuildFile section */

/* Begin PBXContainerItemProxy section */
		AC86262C2335A00C006EF32C /* PBXContainerItemProxy */ = {
			isa = PBXContainerItemProxy;
			containerPortal = AC86260F2335A008006EF32C /* Project object */;
			proxyType = 1;
			remoteGlobalIDString = AC8626162335A008006EF32C;
			remoteInfo = SkyMobile;
		};
/* End PBXContainerItemProxy section */

/* Begin PBXFileReference section */
		AC8626172335A008006EF32C /* SkyMobile.app */ = {isa = PBXFileReference; explicitFileType = wrapper.application; includeInIndex = 0; path = SkyMobile.app; sourceTree = BUILT_PRODUCTS_DIR; };
		AC86261A2335A008006EF32C /* AppDelegate.swift */ = {isa = PBXFileReference; lastKnownFileType = sourcecode.swift; path = AppDelegate.swift; sourceTree = "<group>"; };
		AC8626212335A00B006EF32C /* Assets.xcassets */ = {isa = PBXFileReference; lastKnownFileType = folder.assetcatalog; path = Assets.xcassets; sourceTree = "<group>"; };
		AC8626242335A00B006EF32C /* Base */ = {isa = PBXFileReference; lastKnownFileType = file.storyboard; name = Base; path = Base.lproj/LaunchScreen.storyboard; sourceTree = "<group>"; };
		AC8626262335A00B006EF32C /* Info.plist */ = {isa = PBXFileReference; lastKnownFileType = text.plist.xml; path = Info.plist; sourceTree = "<group>"; };
		AC86262B2335A00C006EF32C /* SkyMobileTests.xctest */ = {isa = PBXFileReference; explicitFileType = wrapper.cfbundle; includeInIndex = 0; path = SkyMobileTests.xctest; sourceTree = BUILT_PRODUCTS_DIR; };
		AC86262F2335A00C006EF32C /* SkyMobileTests.swift */ = {isa = PBXFileReference; lastKnownFileType = sourcecode.swift; path = SkyMobileTests.swift; sourceTree = "<group>"; };
		AC8626312335A00C006EF32C /* Info.plist */ = {isa = PBXFileReference; lastKnownFileType = text.plist.xml; path = Info.plist; sourceTree = "<group>"; };
		AC86263C2335A0DC006EF32C /* Home.storyboard */ = {isa = PBXFileReference; lastKnownFileType = file.storyboard; path = Home.storyboard; sourceTree = "<group>"; };
		AC86263E2335A0E6006EF32C /* HomeViewController.swift */ = {isa = PBXFileReference; lastKnownFileType = sourcecode.swift; path = HomeViewController.swift; sourceTree = "<group>"; };
		AC8626402335A157006EF32C /* HomePresenter.swift */ = {isa = PBXFileReference; lastKnownFileType = sourcecode.swift; path = HomePresenter.swift; sourceTree = "<group>"; };
		AC8626422335A161006EF32C /* HomeInteractor.swift */ = {isa = PBXFileReference; lastKnownFileType = sourcecode.swift; path = HomeInteractor.swift; sourceTree = "<group>"; };
		AC8626442335A16A006EF32C /* HomeWorker.swift */ = {isa = PBXFileReference; lastKnownFileType = sourcecode.swift; path = HomeWorker.swift; sourceTree = "<group>"; };
		AC8626462335A17C006EF32C /* HomeRouter.swift */ = {isa = PBXFileReference; lastKnownFileType = sourcecode.swift; path = HomeRouter.swift; sourceTree = "<group>"; };
		AC8626492335A1C3006EF32C /* MovieModel.swift */ = {isa = PBXFileReference; lastKnownFileType = sourcecode.swift; path = MovieModel.swift; sourceTree = "<group>"; };
		AC86264E2335A3A2006EF32C /* DatasourceMoviesCollectionView.swift */ = {isa = PBXFileReference; lastKnownFileType = sourcecode.swift; path = DatasourceMoviesCollectionView.swift; sourceTree = "<group>"; };
		AC8626502335A3B1006EF32C /* DelegateMoviesCollectionView.swift */ = {isa = PBXFileReference; lastKnownFileType = sourcecode.swift; path = DelegateMoviesCollectionView.swift; sourceTree = "<group>"; };
		AC8626522335B56C006EF32C /* MovieViewModel.swift */ = {isa = PBXFileReference; lastKnownFileType = sourcecode.swift; path = MovieViewModel.swift; sourceTree = "<group>"; };
		AC8626552335B935006EF32C /* MovieCollectionViewCell.swift */ = {isa = PBXFileReference; lastKnownFileType = sourcecode.swift; path = MovieCollectionViewCell.swift; sourceTree = "<group>"; };
		AC8626562335B935006EF32C /* MovieCollectionViewCell.xib */ = {isa = PBXFileReference; lastKnownFileType = file.xib; path = MovieCollectionViewCell.xib; sourceTree = "<group>"; };
		AC86265A2335B947006EF32C /* Constants.swift */ = {isa = PBXFileReference; lastKnownFileType = sourcecode.swift; path = Constants.swift; sourceTree = "<group>"; };
/* End PBXFileReference section */

/* Begin PBXFrameworksBuildPhase section */
		AC8626142335A008006EF32C /* Frameworks */ = {
			isa = PBXFrameworksBuildPhase;
			buildActionMask = 2147483647;
			files = (
			);
			runOnlyForDeploymentPostprocessing = 0;
		};
		AC8626282335A00C006EF32C /* Frameworks */ = {
			isa = PBXFrameworksBuildPhase;
			buildActionMask = 2147483647;
			files = (
			);
			runOnlyForDeploymentPostprocessing = 0;
		};
/* End PBXFrameworksBuildPhase section */

/* Begin PBXGroup section */
		AC86260E2335A008006EF32C = {
			isa = PBXGroup;
			children = (
				AC8626192335A008006EF32C /* SkyMobile */,
				AC86262E2335A00C006EF32C /* SkyMobileTests */,
				AC8626182335A008006EF32C /* Products */,
			);
			sourceTree = "<group>";
		};
		AC8626182335A008006EF32C /* Products */ = {
			isa = PBXGroup;
			children = (
				AC8626172335A008006EF32C /* SkyMobile.app */,
				AC86262B2335A00C006EF32C /* SkyMobileTests.xctest */,
			);
			name = Products;
			sourceTree = "<group>";
		};
		AC8626192335A008006EF32C /* SkyMobile */ = {
			isa = PBXGroup;
			children = (
				AC8626592335B93B006EF32C /* Utils */,
				AC86263A2335A0CC006EF32C /* Modules */,
				AC86261A2335A008006EF32C /* AppDelegate.swift */,
				AC8626212335A00B006EF32C /* Assets.xcassets */,
				AC8626232335A00B006EF32C /* LaunchScreen.storyboard */,
				AC8626262335A00B006EF32C /* Info.plist */,
			);
			path = SkyMobile;
			sourceTree = "<group>";
		};
		AC86262E2335A00C006EF32C /* SkyMobileTests */ = {
			isa = PBXGroup;
			children = (
				AC86262F2335A00C006EF32C /* SkyMobileTests.swift */,
				AC8626312335A00C006EF32C /* Info.plist */,
			);
			path = SkyMobileTests;
			sourceTree = "<group>";
		};
		AC86263A2335A0CC006EF32C /* Modules */ = {
			isa = PBXGroup;
			children = (
				AC86263B2335A0D4006EF32C /* Home */,
			);
			path = Modules;
			sourceTree = "<group>";
		};
		AC86263B2335A0D4006EF32C /* Home */ = {
			isa = PBXGroup;
			children = (
				AC8626542335B91F006EF32C /* CustomCollectionCell */,
				AC86264B2335A33D006EF32C /* Datasource + Delegate MoviesTableView */,
				AC8626482335A1AA006EF32C /* Model */,
				AC86263C2335A0DC006EF32C /* Home.storyboard */,
				AC86263E2335A0E6006EF32C /* HomeViewController.swift */,
				AC8626402335A157006EF32C /* HomePresenter.swift */,
				AC8626422335A161006EF32C /* HomeInteractor.swift */,
				AC8626442335A16A006EF32C /* HomeWorker.swift */,
				AC8626462335A17C006EF32C /* HomeRouter.swift */,
			);
			path = Home;
			sourceTree = "<group>";
		};
		AC8626482335A1AA006EF32C /* Model */ = {
			isa = PBXGroup;
			children = (
				AC8626492335A1C3006EF32C /* MovieModel.swift */,
				AC8626522335B56C006EF32C /* MovieViewModel.swift */,
			);
			path = Model;
			sourceTree = "<group>";
		};
		AC86264B2335A33D006EF32C /* Datasource + Delegate MoviesTableView */ = {
			isa = PBXGroup;
			children = (
				AC86264E2335A3A2006EF32C /* DatasourceMoviesCollectionView.swift */,
				AC8626502335A3B1006EF32C /* DelegateMoviesCollectionView.swift */,
			);
			path = "Datasource + Delegate MoviesTableView";
			sourceTree = "<group>";
		};
		AC8626542335B91F006EF32C /* CustomCollectionCell */ = {
			isa = PBXGroup;
			children = (
				AC8626552335B935006EF32C /* MovieCollectionViewCell.swift */,
				AC8626562335B935006EF32C /* MovieCollectionViewCell.xib */,
			);
			path = CustomCollectionCell;
			sourceTree = "<group>";
		};
		AC8626592335B93B006EF32C /* Utils */ = {
			isa = PBXGroup;
			children = (
				AC86265A2335B947006EF32C /* Constants.swift */,
			);
			path = Utils;
			sourceTree = "<group>";
		};
/* End PBXGroup section */

/* Begin PBXNativeTarget section */
		AC8626162335A008006EF32C /* SkyMobile */ = {
			isa = PBXNativeTarget;
			buildConfigurationList = AC8626342335A00C006EF32C /* Build configuration list for PBXNativeTarget "SkyMobile" */;
			buildPhases = (
				AC8626132335A008006EF32C /* Sources */,
				AC8626142335A008006EF32C /* Frameworks */,
				AC8626152335A008006EF32C /* Resources */,
			);
			buildRules = (
			);
			dependencies = (
			);
			name = SkyMobile;
			productName = SkyMobile;
			productReference = AC8626172335A008006EF32C /* SkyMobile.app */;
			productType = "com.apple.product-type.application";
		};
		AC86262A2335A00C006EF32C /* SkyMobileTests */ = {
			isa = PBXNativeTarget;
			buildConfigurationList = AC8626372335A00C006EF32C /* Build configuration list for PBXNativeTarget "SkyMobileTests" */;
			buildPhases = (
				AC8626272335A00C006EF32C /* Sources */,
				AC8626282335A00C006EF32C /* Frameworks */,
				AC8626292335A00C006EF32C /* Resources */,
			);
			buildRules = (
			);
			dependencies = (
				AC86262D2335A00C006EF32C /* PBXTargetDependency */,
			);
			name = SkyMobileTests;
			productName = SkyMobileTests;
			productReference = AC86262B2335A00C006EF32C /* SkyMobileTests.xctest */;
			productType = "com.apple.product-type.bundle.unit-test";
		};
/* End PBXNativeTarget section */

/* Begin PBXProject section */
		AC86260F2335A008006EF32C /* Project object */ = {
			isa = PBXProject;
			attributes = {
				LastSwiftUpdateCheck = 1030;
				LastUpgradeCheck = 1030;
				ORGANIZATIONNAME = "Juan David Lopera Lopez";
				TargetAttributes = {
					AC8626162335A008006EF32C = {
						CreatedOnToolsVersion = 10.3;
					};
					AC86262A2335A00C006EF32C = {
						CreatedOnToolsVersion = 10.3;
						TestTargetID = AC8626162335A008006EF32C;
					};
				};
			};
			buildConfigurationList = AC8626122335A008006EF32C /* Build configuration list for PBXProject "SkyMobile" */;
			compatibilityVersion = "Xcode 9.3";
			developmentRegion = en;
			hasScannedForEncodings = 0;
			knownRegions = (
				en,
				Base,
			);
			mainGroup = AC86260E2335A008006EF32C;
			productRefGroup = AC8626182335A008006EF32C /* Products */;
			projectDirPath = "";
			projectRoot = "";
			targets = (
				AC8626162335A008006EF32C /* SkyMobile */,
				AC86262A2335A00C006EF32C /* SkyMobileTests */,
			);
		};
/* End PBXProject section */

/* Begin PBXResourcesBuildPhase section */
		AC8626152335A008006EF32C /* Resources */ = {
			isa = PBXResourcesBuildPhase;
			buildActionMask = 2147483647;
			files = (
				AC86263D2335A0DC006EF32C /* Home.storyboard in Resources */,
				AC8626252335A00B006EF32C /* LaunchScreen.storyboard in Resources */,
				AC8626222335A00B006EF32C /* Assets.xcassets in Resources */,
				AC8626582335B935006EF32C /* MovieCollectionViewCell.xib in Resources */,
			);
			runOnlyForDeploymentPostprocessing = 0;
		};
		AC8626292335A00C006EF32C /* Resources */ = {
			isa = PBXResourcesBuildPhase;
			buildActionMask = 2147483647;
			files = (
			);
			runOnlyForDeploymentPostprocessing = 0;
		};
/* End PBXResourcesBuildPhase section */

/* Begin PBXSourcesBuildPhase section */
		AC8626132335A008006EF32C /* Sources */ = {
			isa = PBXSourcesBuildPhase;
			buildActionMask = 2147483647;
			files = (
				AC86264A2335A1C3006EF32C /* MovieModel.swift in Sources */,
				AC8626532335B56C006EF32C /* MovieViewModel.swift in Sources */,
				AC8626412335A157006EF32C /* HomePresenter.swift in Sources */,
				AC8626472335A17C006EF32C /* HomeRouter.swift in Sources */,
				AC86261B2335A008006EF32C /* AppDelegate.swift in Sources */,
				AC86264F2335A3A2006EF32C /* DatasourceMoviesCollectionView.swift in Sources */,
				AC86263F2335A0E6006EF32C /* HomeViewController.swift in Sources */,
				AC8626512335A3B1006EF32C /* DelegateMoviesCollectionView.swift in Sources */,
				AC8626572335B935006EF32C /* MovieCollectionViewCell.swift in Sources */,
				AC8626452335A16A006EF32C /* HomeWorker.swift in Sources */,
				AC8626432335A161006EF32C /* HomeInteractor.swift in Sources */,
				AC86265B2335B947006EF32C /* Constants.swift in Sources */,
			);
			runOnlyForDeploymentPostprocessing = 0;
		};
		AC8626272335A00C006EF32C /* Sources */ = {
			isa = PBXSourcesBuildPhase;
			buildActionMask = 2147483647;
			files = (
				AC8626302335A00C006EF32C /* SkyMobileTests.swift in Sources */,
			);
			runOnlyForDeploymentPostprocessing = 0;
		};
/* End PBXSourcesBuildPhase section */

/* Begin PBXTargetDependency section */
		AC86262D2335A00C006EF32C /* PBXTargetDependency */ = {
			isa = PBXTargetDependency;
			target = AC8626162335A008006EF32C /* SkyMobile */;
			targetProxy = AC86262C2335A00C006EF32C /* PBXContainerItemProxy */;
		};
/* End PBXTargetDependency section */

/* Begin PBXVariantGroup section */
		AC8626232335A00B006EF32C /* LaunchScreen.storyboard */ = {
			isa = PBXVariantGroup;
			children = (
				AC8626242335A00B006EF32C /* Base */,
			);
			name = LaunchScreen.storyboard;
			sourceTree = "<group>";
		};
/* End PBXVariantGroup section */

/* Begin XCBuildConfiguration section */
		AC8626322335A00C006EF32C /* Debug */ = {
			isa = XCBuildConfiguration;
			buildSettings = {
				ALWAYS_SEARCH_USER_PATHS = NO;
				CLANG_ANALYZER_NONNULL = YES;
				CLANG_ANALYZER_NUMBER_OBJECT_CONVERSION = YES_AGGRESSIVE;
				CLANG_CXX_LANGUAGE_STANDARD = "gnu++14";
				CLANG_CXX_LIBRARY = "libc++";
				CLANG_ENABLE_MODULES = YES;
				CLANG_ENABLE_OBJC_ARC = YES;
				CLANG_ENABLE_OBJC_WEAK = YES;
				CLANG_WARN_BLOCK_CAPTURE_AUTORELEASING = YES;
				CLANG_WARN_BOOL_CONVERSION = YES;
				CLANG_WARN_COMMA = YES;
				CLANG_WARN_CONSTANT_CONVERSION = YES;
				CLANG_WARN_DEPRECATED_OBJC_IMPLEMENTATIONS = YES;
				CLANG_WARN_DIRECT_OBJC_ISA_USAGE = YES_ERROR;
				CLANG_WARN_DOCUMENTATION_COMMENTS = YES;
				CLANG_WARN_EMPTY_BODY = YES;
				CLANG_WARN_ENUM_CONVERSION = YES;
				CLANG_WARN_INFINITE_RECURSION = YES;
				CLANG_WARN_INT_CONVERSION = YES;
				CLANG_WARN_NON_LITERAL_NULL_CONVERSION = YES;
				CLANG_WARN_OBJC_IMPLICIT_RETAIN_SELF = YES;
				CLANG_WARN_OBJC_LITERAL_CONVERSION = YES;
				CLANG_WARN_OBJC_ROOT_CLASS = YES_ERROR;
				CLANG_WARN_RANGE_LOOP_ANALYSIS = YES;
				CLANG_WARN_STRICT_PROTOTYPES = YES;
				CLANG_WARN_SUSPICIOUS_MOVE = YES;
				CLANG_WARN_UNGUARDED_AVAILABILITY = YES_AGGRESSIVE;
				CLANG_WARN_UNREACHABLE_CODE = YES;
				CLANG_WARN__DUPLICATE_METHOD_MATCH = YES;
				CODE_SIGN_IDENTITY = "iPhone Developer";
				COPY_PHASE_STRIP = NO;
				DEBUG_INFORMATION_FORMAT = dwarf;
				ENABLE_STRICT_OBJC_MSGSEND = YES;
				ENABLE_TESTABILITY = YES;
				GCC_C_LANGUAGE_STANDARD = gnu11;
				GCC_DYNAMIC_NO_PIC = NO;
				GCC_NO_COMMON_BLOCKS = YES;
				GCC_OPTIMIZATION_LEVEL = 0;
				GCC_PREPROCESSOR_DEFINITIONS = (
					"DEBUG=1",
					"$(inherited)",
				);
				GCC_WARN_64_TO_32_BIT_CONVERSION = YES;
				GCC_WARN_ABOUT_RETURN_TYPE = YES_ERROR;
				GCC_WARN_UNDECLARED_SELECTOR = YES;
				GCC_WARN_UNINITIALIZED_AUTOS = YES_AGGRESSIVE;
				GCC_WARN_UNUSED_FUNCTION = YES;
				GCC_WARN_UNUSED_VARIABLE = YES;
				IPHONEOS_DEPLOYMENT_TARGET = 12.4;
				MTL_ENABLE_DEBUG_INFO = INCLUDE_SOURCE;
				MTL_FAST_MATH = YES;
				ONLY_ACTIVE_ARCH = YES;
				SDKROOT = iphoneos;
				SWIFT_ACTIVE_COMPILATION_CONDITIONS = DEBUG;
				SWIFT_OPTIMIZATION_LEVEL = "-Onone";
			};
			name = Debug;
		};
		AC8626332335A00C006EF32C /* Release */ = {
			isa = XCBuildConfiguration;
			buildSettings = {
				ALWAYS_SEARCH_USER_PATHS = NO;
				CLANG_ANALYZER_NONNULL = YES;
				CLANG_ANALYZER_NUMBER_OBJECT_CONVERSION = YES_AGGRESSIVE;
				CLANG_CXX_LANGUAGE_STANDARD = "gnu++14";
				CLANG_CXX_LIBRARY = "libc++";
				CLANG_ENABLE_MODULES = YES;
				CLANG_ENABLE_OBJC_ARC = YES;
				CLANG_ENABLE_OBJC_WEAK = YES;
				CLANG_WARN_BLOCK_CAPTURE_AUTORELEASING = YES;
				CLANG_WARN_BOOL_CONVERSION = YES;
				CLANG_WARN_COMMA = YES;
				CLANG_WARN_CONSTANT_CONVERSION = YES;
				CLANG_WARN_DEPRECATED_OBJC_IMPLEMENTATIONS = YES;
				CLANG_WARN_DIRECT_OBJC_ISA_USAGE = YES_ERROR;
				CLANG_WARN_DOCUMENTATION_COMMENTS = YES;
				CLANG_WARN_EMPTY_BODY = YES;
				CLANG_WARN_ENUM_CONVERSION = YES;
				CLANG_WARN_INFINITE_RECURSION = YES;
				CLANG_WARN_INT_CONVERSION = YES;
				CLANG_WARN_NON_LITERAL_NULL_CONVERSION = YES;
				CLANG_WARN_OBJC_IMPLICIT_RETAIN_SELF = YES;
				CLANG_WARN_OBJC_LITERAL_CONVERSION = YES;
				CLANG_WARN_OBJC_ROOT_CLASS = YES_ERROR;
				CLANG_WARN_RANGE_LOOP_ANALYSIS = YES;
				CLANG_WARN_STRICT_PROTOTYPES = YES;
				CLANG_WARN_SUSPICIOUS_MOVE = YES;
				CLANG_WARN_UNGUARDED_AVAILABILITY = YES_AGGRESSIVE;
				CLANG_WARN_UNREACHABLE_CODE = YES;
				CLANG_WARN__DUPLICATE_METHOD_MATCH = YES;
				CODE_SIGN_IDENTITY = "iPhone Developer";
				COPY_PHASE_STRIP = NO;
				DEBUG_INFORMATION_FORMAT = "dwarf-with-dsym";
				ENABLE_NS_ASSERTIONS = NO;
				ENABLE_STRICT_OBJC_MSGSEND = YES;
				GCC_C_LANGUAGE_STANDARD = gnu11;
				GCC_NO_COMMON_BLOCKS = YES;
				GCC_WARN_64_TO_32_BIT_CONVERSION = YES;
				GCC_WARN_ABOUT_RETURN_TYPE = YES_ERROR;
				GCC_WARN_UNDECLARED_SELECTOR = YES;
				GCC_WARN_UNINITIALIZED_AUTOS = YES_AGGRESSIVE;
				GCC_WARN_UNUSED_FUNCTION = YES;
				GCC_WARN_UNUSED_VARIABLE = YES;
				IPHONEOS_DEPLOYMENT_TARGET = 12.4;
				MTL_ENABLE_DEBUG_INFO = NO;
				MTL_FAST_MATH = YES;
				SDKROOT = iphoneos;
				SWIFT_COMPILATION_MODE = wholemodule;
				SWIFT_OPTIMIZATION_LEVEL = "-O";
				VALIDATE_PRODUCT = YES;
			};
			name = Release;
		};
		AC8626352335A00C006EF32C /* Debug */ = {
			isa = XCBuildConfiguration;
			buildSettings = {
				ASSETCATALOG_COMPILER_APPICON_NAME = AppIcon;
				CODE_SIGN_STYLE = Automatic;
				DEVELOPMENT_TEAM = 69845R2YL4;
				INFOPLIST_FILE = SkyMobile/Info.plist;
				LD_RUNPATH_SEARCH_PATHS = (
					"$(inherited)",
					"@executable_path/Frameworks",
				);
				PRODUCT_BUNDLE_IDENTIFIER = JuanCompany.SkyMobile;
				PRODUCT_NAME = "$(TARGET_NAME)";
				SWIFT_VERSION = 5.0;
				TARGETED_DEVICE_FAMILY = "1,2";
			};
			name = Debug;
		};
		AC8626362335A00C006EF32C /* Release */ = {
			isa = XCBuildConfiguration;
			buildSettings = {
				ASSETCATALOG_COMPILER_APPICON_NAME = AppIcon;
				CODE_SIGN_STYLE = Automatic;
				DEVELOPMENT_TEAM = 69845R2YL4;
				INFOPLIST_FILE = SkyMobile/Info.plist;
				LD_RUNPATH_SEARCH_PATHS = (
					"$(inherited)",
					"@executable_path/Frameworks",
				);
				PRODUCT_BUNDLE_IDENTIFIER = JuanCompany.SkyMobile;
				PRODUCT_NAME = "$(TARGET_NAME)";
				SWIFT_VERSION = 5.0;
				TARGETED_DEVICE_FAMILY = "1,2";
			};
			name = Release;
		};
		AC8626382335A00C006EF32C /* Debug */ = {
			isa = XCBuildConfiguration;
			buildSettings = {
				ALWAYS_EMBED_SWIFT_STANDARD_LIBRARIES = YES;
				BUNDLE_LOADER = "$(TEST_HOST)";
				CODE_SIGN_STYLE = Automatic;
				DEVELOPMENT_TEAM = 69845R2YL4;
				INFOPLIST_FILE = SkyMobileTests/Info.plist;
				LD_RUNPATH_SEARCH_PATHS = (
					"$(inherited)",
					"@executable_path/Frameworks",
					"@loader_path/Frameworks",
				);
				PRODUCT_BUNDLE_IDENTIFIER = JuanCompany.SkyMobileTests;
				PRODUCT_NAME = "$(TARGET_NAME)";
				SWIFT_VERSION = 5.0;
				TARGETED_DEVICE_FAMILY = "1,2";
				TEST_HOST = "$(BUILT_PRODUCTS_DIR)/SkyMobile.app/SkyMobile";
			};
			name = Debug;
		};
		AC8626392335A00C006EF32C /* Release */ = {
			isa = XCBuildConfiguration;
			buildSettings = {
				ALWAYS_EMBED_SWIFT_STANDARD_LIBRARIES = YES;
				BUNDLE_LOADER = "$(TEST_HOST)";
				CODE_SIGN_STYLE = Automatic;
				DEVELOPMENT_TEAM = 69845R2YL4;
				INFOPLIST_FILE = SkyMobileTests/Info.plist;
				LD_RUNPATH_SEARCH_PATHS = (
					"$(inherited)",
					"@executable_path/Frameworks",
					"@loader_path/Frameworks",
				);
				PRODUCT_BUNDLE_IDENTIFIER = JuanCompany.SkyMobileTests;
				PRODUCT_NAME = "$(TARGET_NAME)";
				SWIFT_VERSION = 5.0;
				TARGETED_DEVICE_FAMILY = "1,2";
				TEST_HOST = "$(BUILT_PRODUCTS_DIR)/SkyMobile.app/SkyMobile";
			};
			name = Release;
		};
/* End XCBuildConfiguration section */

/* Begin XCConfigurationList section */
		AC8626122335A008006EF32C /* Build configuration list for PBXProject "SkyMobile" */ = {
			isa = XCConfigurationList;
			buildConfigurations = (
				AC8626322335A00C006EF32C /* Debug */,
				AC8626332335A00C006EF32C /* Release */,
			);
			defaultConfigurationIsVisible = 0;
			defaultConfigurationName = Release;
		};
		AC8626342335A00C006EF32C /* Build configuration list for PBXNativeTarget "SkyMobile" */ = {
			isa = XCConfigurationList;
			buildConfigurations = (
				AC8626352335A00C006EF32C /* Debug */,
				AC8626362335A00C006EF32C /* Release */,
			);
			defaultConfigurationIsVisible = 0;
			defaultConfigurationName = Release;
		};
		AC8626372335A00C006EF32C /* Build configuration list for PBXNativeTarget "SkyMobileTests" */ = {
			isa = XCConfigurationList;
			buildConfigurations = (
				AC8626382335A00C006EF32C /* Debug */,
				AC8626392335A00C006EF32C /* Release */,
			);
			defaultConfigurationIsVisible = 0;
			defaultConfigurationName = Release;
		};
/* End XCConfigurationList section */
	};
	rootObject = AC86260F2335A008006EF32C /* Project object */;
}
